
Microsoft Visual Studio Solution File, Format Version 12.00
# Visual Studio Version 16
VisualStudioVersion = 16.0.29613.14
MinimumVisualStudioVersion = 10.0.40219.1
Project("{9A19103F-16F7-4668-BE54-9A1E7A4F7556}") = "CursoMVC", "CursoMVC\CursoMVC.csproj", "{6491D1BC-CA34-452D-A58B-DACB7AC6EF84}"
EndProject
Project("{FAE04EC0-301F-11D3-BF4B-00C04F79EFBC}") = "CursoAPI", "CursoAPI\CursoAPI.csproj", "{13133C34-17F5-4957-8709-2D41438FF091}"
EndProject
Project("{FAE04EC0-301F-11D3-BF4B-00C04F79EFBC}") = "CursoTeste", "CursoTeste\CursoTeste.csproj", "{545D92DD-0447-444D-9DE7-2966CE8327B6}"
EndProject
Global
	GlobalSection(SolutionConfigurationPlatforms) = preSolution
		Debug|Any CPU = Debug|Any CPU
		Release|Any CPU = Release|Any CPU
	EndGlobalSection
	GlobalSection(ProjectConfigurationPlatforms) = postSolution
		{6491D1BC-CA34-452D-A58B-DACB7AC6EF84}.Debug|Any CPU.ActiveCfg = Debug|Any CPU
		{6491D1BC-CA34-452D-A58B-DACB7AC6EF84}.Debug|Any CPU.Build.0 = Debug|Any CPU
		{6491D1BC-CA34-452D-A58B-DACB7AC6EF84}.Release|Any CPU.ActiveCfg = Release|Any CPU
		{6491D1BC-CA34-452D-A58B-DACB7AC6EF84}.Release|Any CPU.Build.0 = Release|Any CPU
		{13133C34-17F5-4957-8709-2D41438FF091}.Debug|Any CPU.ActiveCfg = Debug|Any CPU
		{13133C34-17F5-4957-8709-2D41438FF091}.Debug|Any CPU.Build.0 = Debug|Any CPU
		{13133C34-17F5-4957-8709-2D41438FF091}.Release|Any CPU.ActiveCfg = Release|Any CPU
		{13133C34-17F5-4957-8709-2D41438FF091}.Release|Any CPU.Build.0 = Release|Any CPU
		{545D92DD-0447-444D-9DE7-2966CE8327B6}.Debug|Any CPU.ActiveCfg = Debug|Any CPU
		{545D92DD-0447-444D-9DE7-2966CE8327B6}.Debug|Any CPU.Build.0 = Debug|Any CPU
		{545D92DD-0447-444D-9DE7-2966CE8327B6}.Release|Any CPU.ActiveCfg = Release|Any CPU
		{545D92DD-0447-444D-9DE7-2966CE8327B6}.Release|Any CPU.Build.0 = Release|Any CPU
	EndGlobalSection
	GlobalSection(SolutionProperties) = preSolution
		HideSolutionNode = FALSE
	EndGlobalSection
	GlobalSection(ExtensibilityGlobals) = postSolution
		SolutionGuid = {FC40BBB3-0B6B-4C1A-84CC-D4A6E507F4F5}
	EndGlobalSection
EndGlobal
