
Microsoft Visual Studio Solution File, Format Version 12.00
# Visual Studio Version 16
VisualStudioVersion = 16.0.29613.14
MinimumVisualStudioVersion = 10.0.40219.1
Project("{FAE04EC0-301F-11D3-BF4B-00C04F79EFBC}") = "CursoMVC", "CursoMVC\CursoMVC.csproj", "{6491D1BC-CA34-452D-A58B-DACB7AC6EF84}"
EndProject
Global
	GlobalSection(SolutionConfigurationPlatforms) = preSolution
		Debug|Any CPU = Debug|Any CPU
		Release|Any CPU = Release|Any CPU
	EndGlobalSection
	GlobalSection(ProjectConfigurationPlatforms) = postSolution
		{6491D1BC-CA34-452D-A58B-DACB7AC6EF84}.Debug|Any CPU.ActiveCfg = Debug|Any CPU
		{6491D1BC-CA34-452D-A58B-DACB7AC6EF84}.Debug|Any CPU.Build.0 = Debug|Any CPU
		{6491D1BC-CA34-452D-A58B-DACB7AC6EF84}.Release|Any CPU.ActiveCfg = Release|Any CPU
		{6491D1BC-CA34-452D-A58B-DACB7AC6EF84}.Release|Any CPU.Build.0 = Release|Any CPU
	EndGlobalSection
	GlobalSection(SolutionProperties) = preSolution
		HideSolutionNode = FALSE
	EndGlobalSection
	GlobalSection(ExtensibilityGlobals) = postSolution
		SolutionGuid = {FC40BBB3-0B6B-4C1A-84CC-D4A6E507F4F5}
	EndGlobalSection
EndGlobal
